
Microsoft Visual Studio Solution File, Format Version 12.00
# Visual Studio Version 16
VisualStudioVersion = 16.0.30804.86
MinimumVisualStudioVersion = 10.0.40219.1
Project("{FAE04EC0-301F-11D3-BF4B-00C04F79EFBC}") = "ProjectManager", "ProjectManager\ProjectManager.csproj", "{77477774-1537-472F-870D-BE05B063F6B0}"
EndProject
Global
	GlobalSection(SolutionConfigurationPlatforms) = preSolution
		Debug|Any CPU = Debug|Any CPU
		Release|Any CPU = Release|Any CPU
	EndGlobalSection
	GlobalSection(ProjectConfigurationPlatforms) = postSolution
		{77477774-1537-472F-870D-BE05B063F6B0}.Debug|Any CPU.ActiveCfg = Debug|Any CPU
		{77477774-1537-472F-870D-BE05B063F6B0}.Debug|Any CPU.Build.0 = Debug|Any CPU
		{77477774-1537-472F-870D-BE05B063F6B0}.Release|Any CPU.ActiveCfg = Release|Any CPU
		{77477774-1537-472F-870D-BE05B063F6B0}.Release|Any CPU.Build.0 = Release|Any CPU
	EndGlobalSection
	GlobalSection(SolutionProperties) = preSolution
		HideSolutionNode = FALSE
	EndGlobalSection
	GlobalSection(ExtensibilityGlobals) = postSolution
		SolutionGuid = {34DF846D-9E61-4D4C-9887-EC67AFA7D258}
	EndGlobalSection
EndGlobal
